# THIS IS AN AUTOGENERATED FILE. DO NOT EDIT THIS FILE DIRECTLY.
# yarn lockfile v1


abbrev@1:
  version "1.1.0"
  resolved "https://registry.yarnpkg.com/abbrev/-/abbrev-1.1.0.tgz#d0554c2256636e2f56e7c2e5ad183f859428d81f"

bresenham@^0.0.4:
  version "0.0.4"
  resolved "https://registry.yarnpkg.com/bresenham/-/bresenham-0.0.4.tgz#157ff5cb6340b9c54add3b765c50869e8c759193"

charm@^1.0.2:
  version "1.0.2"
  resolved "https://registry.yarnpkg.com/charm/-/charm-1.0.2.tgz#8add367153a6d9a581331052c4090991da995e35"
  dependencies:
    inherits "^2.0.1"

drawille@^1.1.0:
  version "1.1.0"
  resolved "https://registry.yarnpkg.com/drawille/-/drawille-1.1.0.tgz#5f7cec246d31b5a10044be84cedd9a486fa31ced"

gl-matrix@^2.3.2:
  version "2.3.2"
  resolved "https://registry.yarnpkg.com/gl-matrix/-/gl-matrix-2.3.2.tgz#aac808c74af7d5db05fe04cb60ca1a0fcb174d74"

inherits@^2.0.1:
  version "2.0.3"
  resolved "https://registry.yarnpkg.com/inherits/-/inherits-2.0.3.tgz#633c2c83e3da42a502f52466022480f4208261de"

node-webcam@^0.4.3:
  version "0.4.3"
  resolved "https://registry.yarnpkg.com/node-webcam/-/node-webcam-0.4.3.tgz#5bd583c4468ca25d7383c0c57edb988ff20fb12a"
  dependencies:
    nopt "*"

nopt@*:
  version "4.0.1"
  resolved "https://registry.yarnpkg.com/nopt/-/nopt-4.0.1.tgz#d0d4685afd5415193c8c7505602d0d17cd64474d"
  dependencies:
    abbrev "1"
    osenv "^0.1.4"

os-homedir@^1.0.0:
  version "1.0.2"
  resolved "https://registry.yarnpkg.com/os-homedir/-/os-homedir-1.0.2.tgz#ffbc4988336e0e833de0c168c7ef152121aa7fb3"

os-tmpdir@^1.0.0:
  version "1.0.2"
  resolved "https://registry.yarnpkg.com/os-tmpdir/-/os-tmpdir-1.0.2.tgz#bbe67406c79aa85c5cfec766fe5734555dfa1274"

osenv@^0.1.4:
  version "0.1.4"
  resolved "https://registry.yarnpkg.com/osenv/-/osenv-0.1.4.tgz#42fe6d5953df06c8064be6f176c3d05aaaa34644"
  dependencies:
    os-homedir "^1.0.0"
    os-tmpdir "^1.0.0"
